[[package]]
name = "nft_records.aleo"
location = "local"
path = "/Users/palong/bandersnatch/projects/aleo-standard-programs/arc722/collections/../records"
checksum = "3b5556232470a8db2de8919f775efabcff8f2f6079c87109f49f89921a8de2f7"
dependencies = []

[[package]]
name = "nft_registry.aleo"
location = "local"
path = "/Users/palong/bandersnatch/projects/aleo-standard-programs/arc722/collections/../registry"
checksum = "3fba652e78cb38b28d1a2b8cfdc721b0507227d20188472d3468f1424784d2fe"
dependencies = ["nft_records.aleo"]
